
Microsoft Visual Studio Solution File, Format Version 12.00
# Visual Studio 15
VisualStudioVersion = 15.0.27004.2006
MinimumVisualStudioVersion = 10.0.40219.1
Project("{FAE04EC0-301F-11D3-BF4B-00C04F79EFBC}") = "Excaliburn", "src\Excaliburn\Excaliburn.csproj", "{F38BE02E-D5BC-4DA8-91CF-1774E3ADBE6F}"
EndProject
Project("{2150E333-8FDC-42A3-9474-1A3956D46DE8}") = "Solution Items", "Solution Items", "{D103FE30-762D-434F-84F3-E97217E4F263}"
	ProjectSection(SolutionItems) = preProject
		.editorconfig = .editorconfig
		.gitattributes = .gitattributes
		.gitignore = .gitignore
		LICENSE.txt = LICENSE.txt
		README.md = README.md
		src\SharedAssemblyInfo.cs = src\SharedAssemblyInfo.cs
	EndProjectSection
EndProject
Project("{FAE04EC0-301F-11D3-BF4B-00C04F79EFBC}") = "Excaliburn.MEF", "src\Excaliburn.MEF\Excaliburn.MEF.csproj", "{8C305C4B-D6C3-41C6-92DE-73AD6B25FC16}"
EndProject
Project("{FAE04EC0-301F-11D3-BF4B-00C04F79EFBC}") = "Excaliburn.Autofac", "src\Excaliburn.Autofac\Excaliburn.Autofac.csproj", "{41DE5B55-D75F-4E66-9A5F-EE601928CB91}"
EndProject
Project("{FAE04EC0-301F-11D3-BF4B-00C04F79EFBC}") = "Excaliburn.Demos.DemoApp", "demos\Excaliburn.Demos.DemoApp\Excaliburn.Demos.DemoApp.csproj", "{236AE8E2-B457-4900-8931-C7C09F18A7DF}"
EndProject
Project("{2150E333-8FDC-42A3-9474-1A3956D46DE8}") = "Demos", "Demos", "{1460B915-752D-437A-8BC7-5AA964016F23}"
EndProject
Project("{FAE04EC0-301F-11D3-BF4B-00C04F79EFBC}") = "Excaliburn.DependencyInjection", "src\Excaliburn.DependencyInjection\Excaliburn.DependencyInjection.csproj", "{260FA179-0E9E-4D16-A03C-8B6A69C88DDC}"
EndProject
Global
	GlobalSection(SolutionConfigurationPlatforms) = preSolution
		Debug|Any CPU = Debug|Any CPU
		Release|Any CPU = Release|Any CPU
	EndGlobalSection
	GlobalSection(ProjectConfigurationPlatforms) = postSolution
		{F38BE02E-D5BC-4DA8-91CF-1774E3ADBE6F}.Debug|Any CPU.ActiveCfg = Debug|Any CPU
		{F38BE02E-D5BC-4DA8-91CF-1774E3ADBE6F}.Debug|Any CPU.Build.0 = Debug|Any CPU
		{F38BE02E-D5BC-4DA8-91CF-1774E3ADBE6F}.Release|Any CPU.ActiveCfg = Release|Any CPU
		{F38BE02E-D5BC-4DA8-91CF-1774E3ADBE6F}.Release|Any CPU.Build.0 = Release|Any CPU
		{8C305C4B-D6C3-41C6-92DE-73AD6B25FC16}.Debug|Any CPU.ActiveCfg = Debug|Any CPU
		{8C305C4B-D6C3-41C6-92DE-73AD6B25FC16}.Debug|Any CPU.Build.0 = Debug|Any CPU
		{8C305C4B-D6C3-41C6-92DE-73AD6B25FC16}.Release|Any CPU.ActiveCfg = Release|Any CPU
		{8C305C4B-D6C3-41C6-92DE-73AD6B25FC16}.Release|Any CPU.Build.0 = Release|Any CPU
		{41DE5B55-D75F-4E66-9A5F-EE601928CB91}.Debug|Any CPU.ActiveCfg = Debug|Any CPU
		{41DE5B55-D75F-4E66-9A5F-EE601928CB91}.Debug|Any CPU.Build.0 = Debug|Any CPU
		{41DE5B55-D75F-4E66-9A5F-EE601928CB91}.Release|Any CPU.ActiveCfg = Release|Any CPU
		{41DE5B55-D75F-4E66-9A5F-EE601928CB91}.Release|Any CPU.Build.0 = Release|Any CPU
		{236AE8E2-B457-4900-8931-C7C09F18A7DF}.Debug|Any CPU.ActiveCfg = Debug|Any CPU
		{236AE8E2-B457-4900-8931-C7C09F18A7DF}.Debug|Any CPU.Build.0 = Debug|Any CPU
		{236AE8E2-B457-4900-8931-C7C09F18A7DF}.Release|Any CPU.ActiveCfg = Release|Any CPU
		{236AE8E2-B457-4900-8931-C7C09F18A7DF}.Release|Any CPU.Build.0 = Release|Any CPU
		{260FA179-0E9E-4D16-A03C-8B6A69C88DDC}.Debug|Any CPU.ActiveCfg = Debug|Any CPU
		{260FA179-0E9E-4D16-A03C-8B6A69C88DDC}.Debug|Any CPU.Build.0 = Debug|Any CPU
		{260FA179-0E9E-4D16-A03C-8B6A69C88DDC}.Release|Any CPU.ActiveCfg = Release|Any CPU
		{260FA179-0E9E-4D16-A03C-8B6A69C88DDC}.Release|Any CPU.Build.0 = Release|Any CPU
	EndGlobalSection
	GlobalSection(SolutionProperties) = preSolution
		HideSolutionNode = FALSE
	EndGlobalSection
	GlobalSection(NestedProjects) = preSolution
		{236AE8E2-B457-4900-8931-C7C09F18A7DF} = {1460B915-752D-437A-8BC7-5AA964016F23}
	EndGlobalSection
	GlobalSection(ExtensibilityGlobals) = postSolution
		SolutionGuid = {8DBFDAAF-8937-4122-812A-763EF3A451C2}
	EndGlobalSection
EndGlobal
